// !$*UTF8*$!
{
	archiveVersion = 1;
	classes = {
	};
	objectVersion = 46;
	objects = {

/* Begin PBXBuildFile section */
		0448B08D1C94D53900F47115 /* main.m in Sources */ = {isa = PBXBuildFile; fileRef = 0448B08C1C94D53900F47115 /* main.m */; };
		0448B0901C94D53900F47115 /* AppDelegate.m in Sources */ = {isa = PBXBuildFile; fileRef = 0448B08F1C94D53900F47115 /* AppDelegate.m */; };
		0448B0931C94D53900F47115 /* ViewController.m in Sources */ = {isa = PBXBuildFile; fileRef = 0448B0921C94D53900F47115 /* ViewController.m */; };
		0448B0961C94D53900F47115 /* Main.storyboard in Resources */ = {isa = PBXBuildFile; fileRef = 0448B0941C94D53900F47115 /* Main.storyboard */; };
		0448B0981C94D53900F47115 /* Assets.xcassets in Resources */ = {isa = PBXBuildFile; fileRef = 0448B0971C94D53900F47115 /* Assets.xcassets */; };
		0448B09B1C94D53900F47115 /* LaunchScreen.storyboard in Resources */ = {isa = PBXBuildFile; fileRef = 0448B0991C94D53900F47115 /* LaunchScreen.storyboard */; };
		0448B0A61C94D53900F47115 /* TestGitHubDemoTests.m in Sources */ = {isa = PBXBuildFile; fileRef = 0448B0A51C94D53900F47115 /* TestGitHubDemoTests.m */; };
		0448B0B11C94D53A00F47115 /* TestGitHubDemoUITests.m in Sources */ = {isa = PBXBuildFile; fileRef = 0448B0B01C94D53A00F47115 /* TestGitHubDemoUITests.m */; };
/* End PBXBuildFile section */

/* Begin PBXContainerItemProxy section */
		0448B0A21C94D53900F47115 /* PBXContainerItemProxy */ = {
			isa = PBXContainerItemProxy;
			containerPortal = 0448B0801C94D53900F47115 /* Project object */;
			proxyType = 1;
			remoteGlobalIDString = 0448B0871C94D53900F47115;
			remoteInfo = TestGitHubDemo;
		};
		0448B0AD1C94D53A00F47115 /* PBXContainerItemProxy */ = {
			isa = PBXContainerItemProxy;
			containerPortal = 0448B0801C94D53900F47115 /* Project object */;
			proxyType = 1;
			remoteGlobalIDString = 0448B0871C94D53900F47115;
			remoteInfo = TestGitHubDemo;
		};
/* End PBXContainerItemProxy section */

/* Begin PBXFileReference section */
		0448B0881C94D53900F47115 /* TestGitHubDemo.app */ = {isa = PBXFileReference; explicitFileType = wrapper.application; includeInIndex = 0; path = TestGitHubDemo.app; sourceTree = BUILT_PRODUCTS_DIR; };
		0448B08C1C94D53900F47115 /* main.m */ = {isa = PBXFileReference; lastKnownFileType = sourcecode.c.objc; path = main.m; sourceTree = "<group>"; };
		0448B08E1C94D53900F47115 /* AppDelegate.h */ = {isa = PBXFileReference; lastKnownFileType = sourcecode.c.h; path = AppDelegate.h; sourceTree = "<group>"; };
		0448B08F1C94D53900F47115 /* AppDelegate.m */ = {isa = PBXFileReference; lastKnownFileType = sourcecode.c.objc; path = AppDelegate.m; sourceTree = "<group>"; };
		0448B0911C94D53900F47115 /* ViewController.h */ = {isa = PBXFileReference; lastKnownFileType = sourcecode.c.h; path = ViewController.h; sourceTree = "<group>"; };
		0448B0921C94D53900F47115 /* ViewController.m */ = {isa = PBXFileReference; lastKnownFileType = sourcecode.c.objc; path = ViewController.m; sourceTree = "<group>"; };
		0448B0951C94D53900F47115 /* Base */ = {isa = PBXFileReference; lastKnownFileType = file.storyboard; name = Base; path = Base.lproj/Main.storyboard; sourceTree = "<group>"; };
		0448B0971C94D53900F47115 /* Assets.xcassets */ = {isa = PBXFileReference; lastKnownFileType = folder.assetcatalog; path = Assets.xcassets; sourceTree = "<group>"; };
		0448B09A1C94D53900F47115 /* Base */ = {isa = PBXFileReference; lastKnownFileType = file.storyboard; name = Base; path = Base.lproj/LaunchScreen.storyboard; sourceTree = "<group>"; };
		0448B09C1C94D53900F47115 /* Info.plist */ = {isa = PBXFileReference; lastKnownFileType = text.plist.xml; path = Info.plist; sourceTree = "<group>"; };
		0448B0A11C94D53900F47115 /* TestGitHubDemoTests.xctest */ = {isa = PBXFileReference; explicitFileType = wrapper.cfbundle; includeInIndex = 0; path = TestGitHubDemoTests.xctest; sourceTree = BUILT_PRODUCTS_DIR; };
		0448B0A51C94D53900F47115 /* TestGitHubDemoTests.m */ = {isa = PBXFileReference; lastKnownFileType = sourcecode.c.objc; path = TestGitHubDemoTests.m; sourceTree = "<group>"; };
		0448B0A71C94D53900F47115 /* Info.plist */ = {isa = PBXFileReference; lastKnownFileType = text.plist.xml; path = Info.plist; sourceTree = "<group>"; };
		0448B0AC1C94D53A00F47115 /* TestGitHubDemoUITests.xctest */ = {isa = PBXFileReference; explicitFileType = wrapper.cfbundle; includeInIndex = 0; path = TestGitHubDemoUITests.xctest; sourceTree = BUILT_PRODUCTS_DIR; };
		0448B0B01C94D53A00F47115 /* TestGitHubDemoUITests.m */ = {isa = PBXFileReference; lastKnownFileType = sourcecode.c.objc; path = TestGitHubDemoUITests.m; sourceTree = "<group>"; };
		0448B0B21C94D53A00F47115 /* Info.plist */ = {isa = PBXFileReference; lastKnownFileType = text.plist.xml; path = Info.plist; sourceTree = "<group>"; };
/* End PBXFileReference section */

/* Begin PBXFrameworksBuildPhase section */
		0448B0851C94D53900F47115 /* Frameworks */ = {
			isa = PBXFrameworksBuildPhase;
			buildActionMask = 2147483647;
			files = (
			);
			runOnlyForDeploymentPostprocessing = 0;
		};
		0448B09E1C94D53900F47115 /* Frameworks */ = {
			isa = PBXFrameworksBuildPhase;
			buildActionMask = 2147483647;
			files = (
			);
			runOnlyForDeploymentPostprocessing = 0;
		};
		0448B0A91C94D53A00F47115 /* Frameworks */ = {
			isa = PBXFrameworksBuildPhase;
			buildActionMask = 2147483647;
			files = (
			);
			runOnlyForDeploymentPostprocessing = 0;
		};
/* End PBXFrameworksBuildPhase section */

/* Begin PBXGroup section */
		0448B07F1C94D53900F47115 = {
			isa = PBXGroup;
			children = (
				0448B08A1C94D53900F47115 /* TestGitHubDemo */,
				0448B0A41C94D53900F47115 /* TestGitHubDemoTests */,
				0448B0AF1C94D53A00F47115 /* TestGitHubDemoUITests */,
				0448B0891C94D53900F47115 /* Products */,
			);
			sourceTree = "<group>";
		};
		0448B0891C94D53900F47115 /* Products */ = {
			isa = PBXGroup;
			children = (
				0448B0881C94D53900F47115 /* TestGitHubDemo.app */,
				0448B0A11C94D53900F47115 /* TestGitHubDemoTests.xctest */,
				0448B0AC1C94D53A00F47115 /* TestGitHubDemoUITests.xctest */,
			);
			name = Products;
			sourceTree = "<group>";
		};
		0448B08A1C94D53900F47115 /* TestGitHubDemo */ = {
			isa = PBXGroup;
			children = (
				0448B08E1C94D53900F47115 /* AppDelegate.h */,
				0448B08F1C94D53900F47115 /* AppDelegate.m */,
				0448B0911C94D53900F47115 /* ViewController.h */,
				0448B0921C94D53900F47115 /* ViewController.m */,
				0448B0941C94D53900F47115 /* Main.storyboard */,
				0448B0971C94D53900F47115 /* Assets.xcassets */,
				0448B0991C94D53900F47115 /* LaunchScreen.storyboard */,
				0448B09C1C94D53900F47115 /* Info.plist */,
				0448B08B1C94D53900F47115 /* Supporting Files */,
			);
			path = TestGitHubDemo;
			sourceTree = "<group>";
		};
		0448B08B1C94D53900F47115 /* Supporting Files */ = {
			isa = PBXGroup;
			children = (
				0448B08C1C94D53900F47115 /* main.m */,
			);
			name = "Supporting Files";
			sourceTree = "<group>";
		};
		0448B0A41C94D53900F47115 /* TestGitHubDemoTests */ = {
			isa = PBXGroup;
			children = (
				0448B0A51C94D53900F47115 /* TestGitHubDemoTests.m */,
				0448B0A71C94D53900F47115 /* Info.plist */,
			);
			path = TestGitHubDemoTests;
			sourceTree = "<group>";
		};
		0448B0AF1C94D53A00F47115 /* TestGitHubDemoUITests */ = {
			isa = PBXGroup;
			children = (
				0448B0B01C94D53A00F47115 /* TestGitHubDemoUITests.m */,
				0448B0B21C94D53A00F47115 /* Info.plist */,
			);
			path = TestGitHubDemoUITests;
			sourceTree = "<group>";
		};
/* End PBXGroup section */

/* Begin PBXNativeTarget section */
		0448B0871C94D53900F47115 /* TestGitHubDemo */ = {
			isa = PBXNativeTarget;
			buildConfigurationList = 0448B0B51C94D53A00F47115 /* Build configuration list for PBXNativeTarget "TestGitHubDemo" */;
			buildPhases = (
				0448B0841C94D53900F47115 /* Sources */,
				0448B0851C94D53900F47115 /* Frameworks */,
				0448B0861C94D53900F47115 /* Resources */,
			);
			buildRules = (
			);
			dependencies = (
			);
			name = TestGitHubDemo;
			productName = TestGitHubDemo;
			productReference = 0448B0881C94D53900F47115 /* TestGitHubDemo.app */;
			productType = "com.apple.product-type.application";
		};
		0448B0A01C94D53900F47115 /* TestGitHubDemoTests */ = {
			isa = PBXNativeTarget;
			buildConfigurationList = 0448B0B81C94D53A00F47115 /* Build configuration list for PBXNativeTarget "TestGitHubDemoTests" */;
			buildPhases = (
				0448B09D1C94D53900F47115 /* Sources */,
				0448B09E1C94D53900F47115 /* Frameworks */,
				0448B09F1C94D53900F47115 /* Resources */,
			);
			buildRules = (
			);
			dependencies = (
				0448B0A31C94D53900F47115 /* PBXTargetDependency */,
			);
			name = TestGitHubDemoTests;
			productName = TestGitHubDemoTests;
			productReference = 0448B0A11C94D53900F47115 /* TestGitHubDemoTests.xctest */;
			productType = "com.apple.product-type.bundle.unit-test";
		};
		0448B0AB1C94D53A00F47115 /* TestGitHubDemoUITests */ = {
			isa = PBXNativeTarget;
			buildConfigurationList = 0448B0BB1C94D53A00F47115 /* Build configuration list for PBXNativeTarget "TestGitHubDemoUITests" */;
			buildPhases = (
				0448B0A81C94D53A00F47115 /* Sources */,
				0448B0A91C94D53A00F47115 /* Frameworks */,
				0448B0AA1C94D53A00F47115 /* Resources */,
			);
			buildRules = (
			);
			dependencies = (
				0448B0AE1C94D53A00F47115 /* PBXTargetDependency */,
			);
			name = TestGitHubDemoUITests;
			productName = TestGitHubDemoUITests;
			productReference = 0448B0AC1C94D53A00F47115 /* TestGitHubDemoUITests.xctest */;
			productType = "com.apple.product-type.bundle.ui-testing";
		};
/* End PBXNativeTarget section */

/* Begin PBXProject section */
		0448B0801C94D53900F47115 /* Project object */ = {
			isa = PBXProject;
			attributes = {
				LastUpgradeCheck = 0710;
				ORGANIZATIONNAME = LR;
				TargetAttributes = {
					0448B0871C94D53900F47115 = {
						CreatedOnToolsVersion = 7.1;
					};
					0448B0A01C94D53900F47115 = {
						CreatedOnToolsVersion = 7.1;
						TestTargetID = 0448B0871C94D53900F47115;
					};
					0448B0AB1C94D53A00F47115 = {
						CreatedOnToolsVersion = 7.1;
						TestTargetID = 0448B0871C94D53900F47115;
					};
				};
			};
			buildConfigurationList = 0448B0831C94D53900F47115 /* Build configuration list for PBXProject "TestGitHubDemo" */;
			compatibilityVersion = "Xcode 3.2";
			developmentRegion = English;
			hasScannedForEncodings = 0;
			knownRegions = (
				en,
				Base,
			);
			mainGroup = 0448B07F1C94D53900F47115;
			productRefGroup = 0448B0891C94D53900F47115 /* Products */;
			projectDirPath = "";
			projectRoot = "";
			targets = (
				0448B0871C94D53900F47115 /* TestGitHubDemo */,
				0448B0A01C94D53900F47115 /* TestGitHubDemoTests */,
				0448B0AB1C94D53A00F47115 /* TestGitHubDemoUITests */,
			);
		};
/* End PBXProject section */

/* Begin PBXResourcesBuildPhase section */
		0448B0861C94D53900F47115 /* Resources */ = {
			isa = PBXResourcesBuildPhase;
			buildActionMask = 2147483647;
			files = (
				0448B09B1C94D53900F47115 /* LaunchScreen.storyboard in Resources */,
				0448B0981C94D53900F47115 /* Assets.xcassets in Resources */,
				0448B0961C94D53900F47115 /* Main.storyboard in Resources */,
			);
			runOnlyForDeploymentPostprocessing = 0;
		};
		0448B09F1C94D53900F47115 /* Resources */ = {
			isa = PBXResourcesBuildPhase;
			buildActionMask = 2147483647;
			files = (
			);
			runOnlyForDeploymentPostprocessing = 0;
		};
		0448B0AA1C94D53A00F47115 /* Resources */ = {
			isa = PBXResourcesBuildPhase;
			buildActionMask = 2147483647;
			files = (
			);
			runOnlyForDeploymentPostprocessing = 0;
		};
/* End PBXResourcesBuildPhase section */

/* Begin PBXSourcesBuildPhase section */
		0448B0841C94D53900F47115 /* Sources */ = {
			isa = PBXSourcesBuildPhase;
			buildActionMask = 2147483647;
			files = (
				0448B0931C94D53900F47115 /* ViewController.m in Sources */,
				0448B0901C94D53900F47115 /* AppDelegate.m in Sources */,
				0448B08D1C94D53900F47115 /* main.m in Sources */,
			);
			runOnlyForDeploymentPostprocessing = 0;
		};
		0448B09D1C94D53900F47115 /* Sources */ = {
			isa = PBXSourcesBuildPhase;
			buildActionMask = 2147483647;
			files = (
				0448B0A61C94D53900F47115 /* TestGitHubDemoTests.m in Sources */,
			);
			runOnlyForDeploymentPostprocessing = 0;
		};
		0448B0A81C94D53A00F47115 /* Sources */ = {
			isa = PBXSourcesBuildPhase;
			buildActionMask = 2147483647;
			files = (
				0448B0B11C94D53A00F47115 /* TestGitHubDemoUITests.m in Sources */,
			);
			runOnlyForDeploymentPostprocessing = 0;
		};
/* End PBXSourcesBuildPhase section */

/* Begin PBXTargetDependency section */
		0448B0A31C94D53900F47115 /* PBXTargetDependency */ = {
			isa = PBXTargetDependency;
			target = 0448B0871C94D53900F47115 /* TestGitHubDemo */;
			targetProxy = 0448B0A21C94D53900F47115 /* PBXContainerItemProxy */;
		};
		0448B0AE1C94D53A00F47115 /* PBXTargetDependency */ = {
			isa = PBXTargetDependency;
			target = 0448B0871C94D53900F47115 /* TestGitHubDemo */;
			targetProxy = 0448B0AD1C94D53A00F47115 /* PBXContainerItemProxy */;
		};
/* End PBXTargetDependency section */

/* Begin PBXVariantGroup section */
		0448B0941C94D53900F47115 /* Main.storyboard */ = {
			isa = PBXVariantGroup;
			children = (
				0448B0951C94D53900F47115 /* Base */,
			);
			name = Main.storyboard;
			sourceTree = "<group>";
		};
		0448B0991C94D53900F47115 /* LaunchScreen.storyboard */ = {
			isa = PBXVariantGroup;
			children = (
				0448B09A1C94D53900F47115 /* Base */,
			);
			name = LaunchScreen.storyboard;
			sourceTree = "<group>";
		};
/* End PBXVariantGroup section */

/* Begin XCBuildConfiguration section */
		0448B0B31C94D53A00F47115 /* Debug */ = {
			isa = XCBuildConfiguration;
			buildSettings = {
				ALWAYS_SEARCH_USER_PATHS = NO;
				CLANG_CXX_LANGUAGE_STANDARD = "gnu++0x";
				CLANG_CXX_LIBRARY = "libc++";
				CLANG_ENABLE_MODULES = YES;
				CLANG_ENABLE_OBJC_ARC = YES;
				CLANG_WARN_BOOL_CONVERSION = YES;
				CLANG_WARN_CONSTANT_CONVERSION = YES;
				CLANG_WARN_DIRECT_OBJC_ISA_USAGE = YES_ERROR;
				CLANG_WARN_EMPTY_BODY = YES;
				CLANG_WARN_ENUM_CONVERSION = YES;
				CLANG_WARN_INT_CONVERSION = YES;
				CLANG_WARN_OBJC_ROOT_CLASS = YES_ERROR;
				CLANG_WARN_UNREACHABLE_CODE = YES;
				CLANG_WARN__DUPLICATE_METHOD_MATCH = YES;
				"CODE_SIGN_IDENTITY[sdk=iphoneos*]" = "iPhone Developer";
				COPY_PHASE_STRIP = NO;
				DEBUG_INFORMATION_FORMAT = dwarf;
				ENABLE_STRICT_OBJC_MSGSEND = YES;
				ENABLE_TESTABILITY = YES;
				GCC_C_LANGUAGE_STANDARD = gnu99;
				GCC_DYNAMIC_NO_PIC = NO;
				GCC_NO_COMMON_BLOCKS = YES;
				GCC_OPTIMIZATION_LEVEL = 0;
				GCC_PREPROCESSOR_DEFINITIONS = (
					"DEBUG=1",
					"$(inherited)",
				);
				GCC_WARN_64_TO_32_BIT_CONVERSION = YES;
				GCC_WARN_ABOUT_RETURN_TYPE = YES_ERROR;
				GCC_WARN_UNDECLARED_SELECTOR = YES;
				GCC_WARN_UNINITIALIZED_AUTOS = YES_AGGRESSIVE;
				GCC_WARN_UNUSED_FUNCTION = YES;
				GCC_WARN_UNUSED_VARIABLE = YES;
				IPHONEOS_DEPLOYMENT_TARGET = 9.1;
				MTL_ENABLE_DEBUG_INFO = YES;
				ONLY_ACTIVE_ARCH = YES;
				SDKROOT = iphoneos;
			};
			name = Debug;
		};
		0448B0B41C94D53A00F47115 /* Release */ = {
			isa = XCBuildConfiguration;
			buildSettings = {
				ALWAYS_SEARCH_USER_PATHS = NO;
				CLANG_CXX_LANGUAGE_STANDARD = "gnu++0x";
				CLANG_CXX_LIBRARY = "libc++";
				CLANG_ENABLE_MODULES = YES;
				CLANG_ENABLE_OBJC_ARC = YES;
				CLANG_WARN_BOOL_CONVERSION = YES;
				CLANG_WARN_CONSTANT_CONVERSION = YES;
				CLANG_WARN_DIRECT_OBJC_ISA_USAGE = YES_ERROR;
				CLANG_WARN_EMPTY_BODY = YES;
				CLANG_WARN_ENUM_CONVERSION = YES;
				CLANG_WARN_INT_CONVERSION = YES;
				CLANG_WARN_OBJC_ROOT_CLASS = YES_ERROR;
				CLANG_WARN_UNREACHABLE_CODE = YES;
				CLANG_WARN__DUPLICATE_METHOD_MATCH = YES;
				"CODE_SIGN_IDENTITY[sdk=iphoneos*]" = "iPhone Developer";
				COPY_PHASE_STRIP = NO;
				DEBUG_INFORMATION_FORMAT = "dwarf-with-dsym";
				ENABLE_NS_ASSERTIONS = NO;
				ENABLE_STRICT_OBJC_MSGSEND = YES;
				GCC_C_LANGUAGE_STANDARD = gnu99;
				GCC_NO_COMMON_BLOCKS = YES;
				GCC_WARN_64_TO_32_BIT_CONVERSION = YES;
				GCC_WARN_ABOUT_RETURN_TYPE = YES_ERROR;
				GCC_WARN_UNDECLARED_SELECTOR = YES;
				GCC_WARN_UNINITIALIZED_AUTOS = YES_AGGRESSIVE;
				GCC_WARN_UNUSED_FUNCTION = YES;
				GCC_WARN_UNUSED_VARIABLE = YES;
				IPHONEOS_DEPLOYMENT_TARGET = 9.1;
				MTL_ENABLE_DEBUG_INFO = NO;
				SDKROOT = iphoneos;
				VALIDATE_PRODUCT = YES;
			};
			name = Release;
		};
		0448B0B61C94D53A00F47115 /* Debug */ = {
			isa = XCBuildConfiguration;
			buildSettings = {
				ASSETCATALOG_COMPILER_APPICON_NAME = AppIcon;
				INFOPLIST_FILE = TestGitHubDemo/Info.plist;
				LD_RUNPATH_SEARCH_PATHS = "$(inherited) @executable_path/Frameworks";
				PRODUCT_BUNDLE_IDENTIFIER = com.it.TestGitHubDemo;
				PRODUCT_NAME = "$(TARGET_NAME)";
			};
			name = Debug;
		};
		0448B0B71C94D53A00F47115 /* Release */ = {
			isa = XCBuildConfiguration;
			buildSettings = {
				ASSETCATALOG_COMPILER_APPICON_NAME = AppIcon;
				INFOPLIST_FILE = TestGitHubDemo/Info.plist;
				LD_RUNPATH_SEARCH_PATHS = "$(inherited) @executable_path/Frameworks";
				PRODUCT_BUNDLE_IDENTIFIER = com.it.TestGitHubDemo;
				PRODUCT_NAME = "$(TARGET_NAME)";
			};
			name = Release;
		};
		0448B0B91C94D53A00F47115 /* Debug */ = {
			isa = XCBuildConfiguration;
			buildSettings = {
				BUNDLE_LOADER = "$(TEST_HOST)";
				INFOPLIST_FILE = TestGitHubDemoTests/Info.plist;
				LD_RUNPATH_SEARCH_PATHS = "$(inherited) @executable_path/Frameworks @loader_path/Frameworks";
				PRODUCT_BUNDLE_IDENTIFIER = com.it.TestGitHubDemoTests;
				PRODUCT_NAME = "$(TARGET_NAME)";
				TEST_HOST = "$(BUILT_PRODUCTS_DIR)/TestGitHubDemo.app/TestGitHubDemo";
			};
			name = Debug;
		};
		0448B0BA1C94D53A00F47115 /* Release */ = {
			isa = XCBuildConfiguration;
			buildSettings = {
				BUNDLE_LOADER = "$(TEST_HOST)";
				INFOPLIST_FILE = TestGitHubDemoTests/Info.plist;
				LD_RUNPATH_SEARCH_PATHS = "$(inherited) @executable_path/Frameworks @loader_path/Frameworks";
				PRODUCT_BUNDLE_IDENTIFIER = com.it.TestGitHubDemoTests;
				PRODUCT_NAME = "$(TARGET_NAME)";
				TEST_HOST = "$(BUILT_PRODUCTS_DIR)/TestGitHubDemo.app/TestGitHubDemo";
			};
			name = Release;
		};
		0448B0BC1C94D53A00F47115 /* Debug */ = {
			isa = XCBuildConfiguration;
			buildSettings = {
				INFOPLIST_FILE = TestGitHubDemoUITests/Info.plist;
				LD_RUNPATH_SEARCH_PATHS = "$(inherited) @executable_path/Frameworks @loader_path/Frameworks";
				PRODUCT_BUNDLE_IDENTIFIER = com.it.TestGitHubDemoUITests;
				PRODUCT_NAME = "$(TARGET_NAME)";
				TEST_TARGET_NAME = TestGitHubDemo;
				USES_XCTRUNNER = YES;
			};
			name = Debug;
		};
		0448B0BD1C94D53A00F47115 /* Release */ = {
			isa = XCBuildConfiguration;
			buildSettings = {
				INFOPLIST_FILE = TestGitHubDemoUITests/Info.plist;
				LD_RUNPATH_SEARCH_PATHS = "$(inherited) @executable_path/Frameworks @loader_path/Frameworks";
				PRODUCT_BUNDLE_IDENTIFIER = com.it.TestGitHubDemoUITests;
				PRODUCT_NAME = "$(TARGET_NAME)";
				TEST_TARGET_NAME = TestGitHubDemo;
				USES_XCTRUNNER = YES;
			};
			name = Release;
		};
/* End XCBuildConfiguration section */

/* Begin XCConfigurationList section */
		0448B0831C94D53900F47115 /* Build configuration list for PBXProject "TestGitHubDemo" */ = {
			isa = XCConfigurationList;
			buildConfigurations = (
				0448B0B31C94D53A00F47115 /* Debug */,
				0448B0B41C94D53A00F47115 /* Release */,
			);
			defaultConfigurationIsVisible = 0;
			defaultConfigurationName = Release;
		};
		0448B0B51C94D53A00F47115 /* Build configuration list for PBXNativeTarget "TestGitHubDemo" */ = {
			isa = XCConfigurationList;
			buildConfigurations = (
				0448B0B61C94D53A00F47115 /* Debug */,
				0448B0B71C94D53A00F47115 /* Release */,
			);
			defaultConfigurationIsVisible = 0;
		};
		0448B0B81C94D53A00F47115 /* Build configuration list for PBXNativeTarget "TestGitHubDemoTests" */ = {
			isa = XCConfigurationList;
			buildConfigurations = (
				0448B0B91C94D53A00F47115 /* Debug */,
				0448B0BA1C94D53A00F47115 /* Release */,
			);
			defaultConfigurationIsVisible = 0;
		};
		0448B0BB1C94D53A00F47115 /* Build configuration list for PBXNativeTarget "TestGitHubDemoUITests" */ = {
			isa = XCConfigurationList;
			buildConfigurations = (
				0448B0BC1C94D53A00F47115 /* Debug */,
				0448B0BD1C94D53A00F47115 /* Release */,
			);
			defaultConfigurationIsVisible = 0;
		};
/* End XCConfigurationList section */
	};
	rootObject = 0448B0801C94D53900F47115 /* Project object */;
}
